
Microsoft Visual Studio Solution File, Format Version 12.00
# Visual Studio Version 17
VisualStudioVersion = 17.4.33213.308
MinimumVisualStudioVersion = 10.0.40219.1
Project("{FAE04EC0-301F-11D3-BF4B-00C04F79EFBC}") = "ProjetoXadrez", "ProjetoXadrez\ProjetoXadrez.csproj", "{34D03EE9-A271-4F9D-AB6D-40E266FB6BEF}"
EndProject
Global
	GlobalSection(SolutionConfigurationPlatforms) = preSolution
		Debug|Any CPU = Debug|Any CPU
		Release|Any CPU = Release|Any CPU
	EndGlobalSection
	GlobalSection(ProjectConfigurationPlatforms) = postSolution
		{34D03EE9-A271-4F9D-AB6D-40E266FB6BEF}.Debug|Any CPU.ActiveCfg = Debug|Any CPU
		{34D03EE9-A271-4F9D-AB6D-40E266FB6BEF}.Debug|Any CPU.Build.0 = Debug|Any CPU
		{34D03EE9-A271-4F9D-AB6D-40E266FB6BEF}.Release|Any CPU.ActiveCfg = Release|Any CPU
		{34D03EE9-A271-4F9D-AB6D-40E266FB6BEF}.Release|Any CPU.Build.0 = Release|Any CPU
	EndGlobalSection
	GlobalSection(SolutionProperties) = preSolution
		HideSolutionNode = FALSE
	EndGlobalSection
	GlobalSection(ExtensibilityGlobals) = postSolution
		SolutionGuid = {B869655A-8AAA-47A3-A4DB-327D9248A517}
	EndGlobalSection
EndGlobal
